{
	"requires": true,
	"lockfileVersion": 1,
	"dependencies": {
		"ansi-styles": {
			"version": "3.2.1",
			"resolved": "http://npm.zhinanzhen.ai/ansi-styles/-/ansi-styles-3.2.1.tgz",
			"integrity": "sha1-QfuyAkPlCxK+DwS43tvwdSDOhB0=",
			"requires": {
				"color-convert": "^1.9.0"
			}
		},
		"chalk": {
			"version": "2.4.1",
			"resolved": "http://npm.zhinanzhen.ai/chalk/-/chalk-2.4.1.tgz",
			"integrity": "sha1-GMSasWoDe26wFSzIPjRxM4IVtm4=",
			"requires": {
				"ansi-styles": "^3.2.1",
				"escape-string-regexp": "^1.0.5",
				"supports-color": "^5.3.0"
			}
		},
		"color-convert": {
			"version": "1.9.2",
			"resolved": "http://npm.zhinanzhen.ai/color-convert/-/color-convert-1.9.2.tgz",
			"integrity": "sha1-SYgbj7pn3xKpa98/VsCqueeRMUc=",
			"requires": {
				"color-name": "1.1.1"
			}
		},
		"color-name": {
			"version": "1.1.1",
			"resolved": "http://npm.zhinanzhen.ai/color-name/-/color-name-1.1.1.tgz",
			"integrity": "sha1-SxQVMEz1ACjqgWQ2Q72C6gWANok="
		},
		"error-ex": {
			"version": "1.3.2",
			"resolved": "http://npm.zhinanzhen.ai/error-ex/-/error-ex-1.3.2.tgz",
			"integrity": "sha1-tKxAZIEH/c3PriQvQovqihTU8b8=",
			"requires": {
				"is-arrayish": "^0.2.1"
			}
		},
		"escape-string-regexp": {
			"version": "1.0.5",
			"resolved": "http://npm.zhinanzhen.ai/escape-string-regexp/-/escape-string-regexp-1.0.5.tgz",
			"integrity": "sha1-G2HAViGQqN/2rjuyzwIAyhMLhtQ="
		},
		"graceful-fs": {
			"version": "4.1.11",
			"resolved": "http://npm.zhinanzhen.ai/graceful-fs/-/graceful-fs-4.1.11.tgz",
			"integrity": "sha1-Dovf5NHduIVNZOBOp8AOKgJuVlg="
		},
		"has-flag": {
			"version": "3.0.0",
			"resolved": "http://npm.zhinanzhen.ai/has-flag/-/has-flag-3.0.0.tgz",
			"integrity": "sha1-tdRU3CGZriJWmfNGfloH87lVuv0="
		},
		"is-arrayish": {
			"version": "0.2.1",
			"resolved": "http://npm.zhinanzhen.ai/is-arrayish/-/is-arrayish-0.2.1.tgz",
			"integrity": "sha1-d8mYQFJ6qOyxqLppe4BkWnqSap0="
		},
		"json-parse-better-errors": {
			"version": "1.0.2",
			"resolved": "http://npm.zhinanzhen.ai/json-parse-better-errors/-/json-parse-better-errors-1.0.2.tgz",
			"integrity": "sha1-u4Z8+zRQ5pEHwTHRxRS6s9yLyqk="
		},
		"load-json-file": {
			"version": "5.0.0",
			"resolved": "http://npm.zhinanzhen.ai/load-json-file/-/load-json-file-5.0.0.tgz",
			"integrity": "sha1-W173y24eM3QI4C/gH+Z5zMDNGNU=",
			"requires": {
				"graceful-fs": "^4.1.2",
				"parse-json": "^4.0.0",
				"pify": "^3.0.0",
				"strip-bom": "^3.0.0"
			}
		},
		"lodash": {
			"version": "4.17.10",
			"resolved": "http://npm.zhinanzhen.ai/lodash/-/lodash-4.17.10.tgz",
			"integrity": "sha1-G3eTz3JZ6jj7NmHU04syYK+K5Oc="
		},
		"parse-json": {
			"version": "4.0.0",
			"resolved": "http://npm.zhinanzhen.ai/parse-json/-/parse-json-4.0.0.tgz",
			"integrity": "sha1-vjX1Qlvh9/bHRxhPmKeIy5lHfuA=",
			"requires": {
				"error-ex": "^1.3.1",
				"json-parse-better-errors": "^1.0.1"
			}
		},
		"pify": {
			"version": "3.0.0",
			"resolved": "http://npm.zhinanzhen.ai/pify/-/pify-3.0.0.tgz",
			"integrity": "sha1-5aSs0sEB/fPZpNB/DbxNtJ3SgXY="
		},
		"strip-bom": {
			"version": "3.0.0",
			"resolved": "http://npm.zhinanzhen.ai/strip-bom/-/strip-bom-3.0.0.tgz",
			"integrity": "sha1-IzTBjpx1n3vdVv3vfprj1YjmjtM="
		},
		"supports-color": {
			"version": "5.4.0",
			"resolved": "http://npm.zhinanzhen.ai/supports-color/-/supports-color-5.4.0.tgz",
			"integrity": "sha1-HGszdALCE3YF7+GfEP7DkPb6q1Q=",
			"requires": {
				"has-flag": "^3.0.0"
			}
		}
	}
}
