{
  "requires": true,
  "lockfileVersion": 1,
  "dependencies": {
    "dotenv": {
      "version": "6.0.0",
      "resolved": "http://npm.zhinanzhen.ai/dotenv/-/dotenv-6.0.0.tgz",
      "integrity": "sha1-JON8BBdBxfSyUySVjrvDS8qWWTU="
    },
    "dotenv-expand": {
      "version": "4.2.0",
      "resolved": "http://npm.zhinanzhen.ai/dotenv-expand/-/dotenv-expand-4.2.0.tgz",
      "integrity": "sha1-3vHxyl1gWdJKdm5YeULCEQbOEnU="
    }
  }
}
